
Microsoft Visual Studio Solution File, Format Version 12.00
# Visual Studio Version 17
VisualStudioVersion = 17.5.33424.131
MinimumVisualStudioVersion = 10.0.40219.1
Project("{9A19103F-16F7-4668-BE54-9A1E7A4F7556}") = "DeliVeggie.API", "DeliVeggie.API\DeliVeggie.API.csproj", "{AA91206E-89D7-4950-9307-7599E4634545}"
EndProject
Project("{9A19103F-16F7-4668-BE54-9A1E7A4F7556}") = "DeliVeggie.Domain.Contracts", "DeliVeggie.Domain.Contracts\DeliVeggie.Domain.Contracts.csproj", "{AE81090A-3C83-4E1E-88B4-052756CA45C2}"
EndProject
Project("{9A19103F-16F7-4668-BE54-9A1E7A4F7556}") = "DeliVeggie.Domain", "DeliVeggie.Domain\DeliVeggie.Domain.csproj", "{7D41BB2E-F73C-4D03-BDBA-D4E56C2682E4}"
EndProject
Project("{2150E333-8FDC-42A3-9474-1A3956D46DE8}") = "01.Presentation", "01.Presentation", "{94A6FB84-2E37-46CD-A74B-7D83D2116950}"
EndProject
Project("{2150E333-8FDC-42A3-9474-1A3956D46DE8}") = "02.Domain", "02.Domain", "{09327D77-72AA-487A-A0D1-8EDDD5FE2573}"
EndProject
Project("{2150E333-8FDC-42A3-9474-1A3956D46DE8}") = "00.Tests", "00.Tests", "{9BE48691-1D9A-43E4-905D-E9FC330F1A77}"
EndProject
Project("{FAE04EC0-301F-11D3-BF4B-00C04F79EFBC}") = "DeliVeggie.Domain.Tests", "DeliVeggie.Domain.Tests\DeliVeggie.Domain.Tests.csproj", "{8C956611-95AA-4B78-A7B6-CD349BBB83A6}"
EndProject
Global
	GlobalSection(SolutionConfigurationPlatforms) = preSolution
		Debug|Any CPU = Debug|Any CPU
		Release|Any CPU = Release|Any CPU
	EndGlobalSection
	GlobalSection(ProjectConfigurationPlatforms) = postSolution
		{AA91206E-89D7-4950-9307-7599E4634545}.Debug|Any CPU.ActiveCfg = Debug|Any CPU
		{AA91206E-89D7-4950-9307-7599E4634545}.Debug|Any CPU.Build.0 = Debug|Any CPU
		{AA91206E-89D7-4950-9307-7599E4634545}.Release|Any CPU.ActiveCfg = Release|Any CPU
		{AA91206E-89D7-4950-9307-7599E4634545}.Release|Any CPU.Build.0 = Release|Any CPU
		{AE81090A-3C83-4E1E-88B4-052756CA45C2}.Debug|Any CPU.ActiveCfg = Debug|Any CPU
		{AE81090A-3C83-4E1E-88B4-052756CA45C2}.Debug|Any CPU.Build.0 = Debug|Any CPU
		{AE81090A-3C83-4E1E-88B4-052756CA45C2}.Release|Any CPU.ActiveCfg = Release|Any CPU
		{AE81090A-3C83-4E1E-88B4-052756CA45C2}.Release|Any CPU.Build.0 = Release|Any CPU
		{7D41BB2E-F73C-4D03-BDBA-D4E56C2682E4}.Debug|Any CPU.ActiveCfg = Debug|Any CPU
		{7D41BB2E-F73C-4D03-BDBA-D4E56C2682E4}.Debug|Any CPU.Build.0 = Debug|Any CPU
		{7D41BB2E-F73C-4D03-BDBA-D4E56C2682E4}.Release|Any CPU.ActiveCfg = Release|Any CPU
		{7D41BB2E-F73C-4D03-BDBA-D4E56C2682E4}.Release|Any CPU.Build.0 = Release|Any CPU
		{8C956611-95AA-4B78-A7B6-CD349BBB83A6}.Debug|Any CPU.ActiveCfg = Debug|Any CPU
		{8C956611-95AA-4B78-A7B6-CD349BBB83A6}.Debug|Any CPU.Build.0 = Debug|Any CPU
		{8C956611-95AA-4B78-A7B6-CD349BBB83A6}.Release|Any CPU.ActiveCfg = Release|Any CPU
		{8C956611-95AA-4B78-A7B6-CD349BBB83A6}.Release|Any CPU.Build.0 = Release|Any CPU
	EndGlobalSection
	GlobalSection(SolutionProperties) = preSolution
		HideSolutionNode = FALSE
	EndGlobalSection
	GlobalSection(NestedProjects) = preSolution
		{AA91206E-89D7-4950-9307-7599E4634545} = {94A6FB84-2E37-46CD-A74B-7D83D2116950}
		{AE81090A-3C83-4E1E-88B4-052756CA45C2} = {09327D77-72AA-487A-A0D1-8EDDD5FE2573}
		{7D41BB2E-F73C-4D03-BDBA-D4E56C2682E4} = {09327D77-72AA-487A-A0D1-8EDDD5FE2573}
		{8C956611-95AA-4B78-A7B6-CD349BBB83A6} = {9BE48691-1D9A-43E4-905D-E9FC330F1A77}
	EndGlobalSection
	GlobalSection(ExtensibilityGlobals) = postSolution
		SolutionGuid = {4F64A73C-9D57-4C0F-8C6A-2686C5A7207E}
	EndGlobalSection
EndGlobal
